
Microsoft Visual Studio Solution File, Format Version 12.00
# Visual Studio Version 17
VisualStudioVersion = 17.11.35222.181
MinimumVisualStudioVersion = 10.0.40219.1
Project("{FAE04EC0-301F-11D3-BF4B-00C04F79EFBC}") = "Biblioteca.Domain", "Biblioteca.Domain\Biblioteca.Domain.csproj", "{8BF8703A-B7AC-469C-A8B3-40AFE4BECBBB}"
EndProject
Global
	GlobalSection(SolutionConfigurationPlatforms) = preSolution
		Debug|Any CPU = Debug|Any CPU
		Release|Any CPU = Release|Any CPU
	EndGlobalSection
	GlobalSection(ProjectConfigurationPlatforms) = postSolution
		{8BF8703A-B7AC-469C-A8B3-40AFE4BECBBB}.Debug|Any CPU.ActiveCfg = Debug|Any CPU
		{8BF8703A-B7AC-469C-A8B3-40AFE4BECBBB}.Debug|Any CPU.Build.0 = Debug|Any CPU
		{8BF8703A-B7AC-469C-A8B3-40AFE4BECBBB}.Release|Any CPU.ActiveCfg = Release|Any CPU
		{8BF8703A-B7AC-469C-A8B3-40AFE4BECBBB}.Release|Any CPU.Build.0 = Release|Any CPU
	EndGlobalSection
	GlobalSection(SolutionProperties) = preSolution
		HideSolutionNode = FALSE
	EndGlobalSection
	GlobalSection(ExtensibilityGlobals) = postSolution
		SolutionGuid = {0DA22D2C-AF98-4D1F-AE62-6A883C32ED3B}
	EndGlobalSection
EndGlobal
